// !$*UTF8*$!
{
	archiveVersion = 1;
	classes = {
	};
	objectVersion = 46;
	objects = {

/* Begin PBXBuildFile section */
		52864BA119B47BEE003D06DC /* login_account_clear@2x.png in Resources */ = {isa = PBXBuildFile; fileRef = 52864BA019B47BEE003D06DC /* login_account_clear@2x.png */; };
		529FC9C9199B5E28003B72EF /* Localizable.strings in Resources */ = {isa = PBXBuildFile; fileRef = 529FC9CB199B5E28003B72EF /* Localizable.strings */; };
		529FC9E7199B6CCC003B72EF /* E_CommonManager.m in Sources */ = {isa = PBXBuildFile; fileRef = 529FC9D0199B6CCC003B72EF /* E_CommonManager.m */; };
		529FC9E8199B6CCC003B72EF /* E_EveryChapter.m in Sources */ = {isa = PBXBuildFile; fileRef = 529FC9D2199B6CCC003B72EF /* E_EveryChapter.m */; };
		529FC9E9199B6CCC003B72EF /* E_Paging.mm in Sources */ = {isa = PBXBuildFile; fileRef = 529FC9D4199B6CCC003B72EF /* E_Paging.mm */; };
		529FC9EA199B6CCC003B72EF /* E_ReaderDataSource.m in Sources */ = {isa = PBXBuildFile; fileRef = 529FC9D6199B6CCC003B72EF /* E_ReaderDataSource.m */; };
		529FC9EB199B6CCC003B72EF /* Chapter1.txt in Resources */ = {isa = PBXBuildFile; fileRef = 529FC9D8199B6CCC003B72EF /* Chapter1.txt */; };
		529FC9EC199B6CCC003B72EF /* Chapter2.txt in Resources */ = {isa = PBXBuildFile; fileRef = 529FC9D9199B6CCC003B72EF /* Chapter2.txt */; };
		529FC9ED199B6CCC003B72EF /* Chapter3.txt in Resources */ = {isa = PBXBuildFile; fileRef = 529FC9DA199B6CCC003B72EF /* Chapter3.txt */; };
		529FC9EE199B6CCC003B72EF /* Chapter4.txt in Resources */ = {isa = PBXBuildFile; fileRef = 529FC9DB199B6CCC003B72EF /* Chapter4.txt */; };
		529FC9EF199B6CCC003B72EF /* Chapter5.txt in Resources */ = {isa = PBXBuildFile; fileRef = 529FC9DC199B6CCC003B72EF /* Chapter5.txt */; };
		529FC9F0199B6CCC003B72EF /* Chapter6.txt in Resources */ = {isa = PBXBuildFile; fileRef = 529FC9DD199B6CCC003B72EF /* Chapter6.txt */; };
		529FC9F1199B6CCC003B72EF /* Chapter7.txt in Resources */ = {isa = PBXBuildFile; fileRef = 529FC9DE199B6CCC003B72EF /* Chapter7.txt */; };
		529FC9F2199B6CCC003B72EF /* E_ReaderView.m in Sources */ = {isa = PBXBuildFile; fileRef = 529FC9E1199B6CCC003B72EF /* E_ReaderView.m */; };
		529FC9F3199B6CCC003B72EF /* E_ReaderViewController.m in Sources */ = {isa = PBXBuildFile; fileRef = 529FC9E4199B6CCC003B72EF /* E_ReaderViewController.m */; };
		529FC9F4199B6CCC003B72EF /* E_ScrollViewController.m in Sources */ = {isa = PBXBuildFile; fileRef = 529FC9E6199B6CCC003B72EF /* E_ScrollViewController.m */; };
		B13200E5E1C346FD864E20AF /* libPods.a in Frameworks */ = {isa = PBXBuildFile; fileRef = 8DCD2B9222F14BB2BD7BF086 /* libPods.a */; };
		D281F07319B5BCAB006CF677 /* ImageFilterViewController.m in Sources */ = {isa = PBXBuildFile; fileRef = D281F07219B5BCAB006CF677 /* ImageFilterViewController.m */; };
		D281F07C19B5BEE0006CF677 /* DisplayView.m in Sources */ = {isa = PBXBuildFile; fileRef = D281F07B19B5BEE0006CF677 /* DisplayView.m */; };
		D2B11E8219B5B590004D97FA /* Reachability.m in Sources */ = {isa = PBXBuildFile; fileRef = D2B11E8119B5B590004D97FA /* Reachability.m */; settings = {COMPILER_FLAGS = "-fno-objc-arc"; }; };
		D2B11E8F19B5B5AB004D97FA /* GesturePasswordButton.m in Sources */ = {isa = PBXBuildFile; fileRef = D2B11E8519B5B5AB004D97FA /* GesturePasswordButton.m */; };
		D2B11E9019B5B5AB004D97FA /* GesturePasswordController.m in Sources */ = {isa = PBXBuildFile; fileRef = D2B11E8719B5B5AB004D97FA /* GesturePasswordController.m */; };
		D2B11E9119B5B5AB004D97FA /* GesturePasswordView.m in Sources */ = {isa = PBXBuildFile; fileRef = D2B11E8919B5B5AB004D97FA /* GesturePasswordView.m */; };
		D2B11E9219B5B5AB004D97FA /* KeychainItemWrapper.m in Sources */ = {isa = PBXBuildFile; fileRef = D2B11E8C19B5B5AB004D97FA /* KeychainItemWrapper.m */; settings = {COMPILER_FLAGS = "-fno-objc-arc"; }; };
		D2B11E9319B5B5AB004D97FA /* TentacleView.m in Sources */ = {isa = PBXBuildFile; fileRef = D2B11E8E19B5B5AB004D97FA /* TentacleView.m */; };
		D2B11E9619B5B5D4004D97FA /* RP_CommonObj.m in Sources */ = {isa = PBXBuildFile; fileRef = D2B11E9519B5B5D4004D97FA /* RP_CommonObj.m */; };
		D2B11E9919B5B5F1004D97FA /* DetailViewController.m in Sources */ = {isa = PBXBuildFile; fileRef = D2B11E9819B5B5F1004D97FA /* DetailViewController.m */; };
		D2B11E9B19B5B696004D97FA /* CoreImage.framework in Frameworks */ = {isa = PBXBuildFile; fileRef = D2B11E9A19B5B696004D97FA /* CoreImage.framework */; };
		E02E878319C34FC500704E72 /* DotContentStyleView.m in Sources */ = {isa = PBXBuildFile; fileRef = E02E877919C34FC500704E72 /* DotContentStyleView.m */; };
		E02E878419C34FC500704E72 /* DotView.m in Sources */ = {isa = PBXBuildFile; fileRef = E02E877B19C34FC500704E72 /* DotView.m */; };
		E02E878519C34FC500704E72 /* text_bg_left@2x.png in Resources */ = {isa = PBXBuildFile; fileRef = E02E877D19C34FC500704E72 /* text_bg_left@2x.png */; };
		E02E878619C34FC500704E72 /* text_bg_right@2x.png in Resources */ = {isa = PBXBuildFile; fileRef = E02E877E19C34FC500704E72 /* text_bg_right@2x.png */; };
		E02E878719C34FC500704E72 /* RichImageView.m in Sources */ = {isa = PBXBuildFile; fileRef = E02E878019C34FC500704E72 /* RichImageView.m */; };
		E02E878819C34FC500704E72 /* TextInputViewController.m in Sources */ = {isa = PBXBuildFile; fileRef = E02E878219C34FC500704E72 /* TextInputViewController.m */; };
		E02E878B19C3507E00704E72 /* RichImageViewController.m in Sources */ = {isa = PBXBuildFile; fileRef = E02E878A19C3507E00704E72 /* RichImageViewController.m */; };
		E02E878D19C3518A00704E72 /* girl.jpg in Resources */ = {isa = PBXBuildFile; fileRef = E02E878C19C3518A00704E72 /* girl.jpg */; };
		E080CC6A1984EA5800DD8CEE /* login_btn_blue_nor@2x.png in Resources */ = {isa = PBXBuildFile; fileRef = E080CC681984EA5800DD8CEE /* login_btn_blue_nor@2x.png */; };
		E080CC6B1984EA5800DD8CEE /* login_btn_blue_press@2x.png in Resources */ = {isa = PBXBuildFile; fileRef = E080CC691984EA5800DD8CEE /* login_btn_blue_press@2x.png */; };
		E080CC6F1984EEA300DD8CEE /* UIImage+ResizableImage.m in Sources */ = {isa = PBXBuildFile; fileRef = E080CC6E1984EEA300DD8CEE /* UIImage+ResizableImage.m */; };
		E080CC7119851F1600DD8CEE /* login_avatar@2x.png in Resources */ = {isa = PBXBuildFile; fileRef = E080CC7019851F1600DD8CEE /* login_avatar@2x.png */; };
		E080CC731985224200DD8CEE /* line@2x.png in Resources */ = {isa = PBXBuildFile; fileRef = E080CC721985224200DD8CEE /* line@2x.png */; };
		E080CC75198524D500DD8CEE /* login_textfield_more@2x.png in Resources */ = {isa = PBXBuildFile; fileRef = E080CC74198524D500DD8CEE /* login_textfield_more@2x.png */; };
		E0EE209B1983A57500D930E5 /* Foundation.framework in Frameworks */ = {isa = PBXBuildFile; fileRef = E0EE209A1983A57500D930E5 /* Foundation.framework */; };
		E0EE209D1983A57500D930E5 /* CoreGraphics.framework in Frameworks */ = {isa = PBXBuildFile; fileRef = E0EE209C1983A57500D930E5 /* CoreGraphics.framework */; };
		E0EE209F1983A57500D930E5 /* UIKit.framework in Frameworks */ = {isa = PBXBuildFile; fileRef = E0EE209E1983A57500D930E5 /* UIKit.framework */; };
		E0EE20A51983A57500D930E5 /* InfoPlist.strings in Resources */ = {isa = PBXBuildFile; fileRef = E0EE20A31983A57500D930E5 /* InfoPlist.strings */; };
		E0EE20A71983A57500D930E5 /* main.m in Sources */ = {isa = PBXBuildFile; fileRef = E0EE20A61983A57500D930E5 /* main.m */; };
		E0EE20AB1983A57500D930E5 /* AppDelegate.m in Sources */ = {isa = PBXBuildFile; fileRef = E0EE20AA1983A57500D930E5 /* AppDelegate.m */; };
		E0EE20AD1983A57500D930E5 /* Images.xcassets in Resources */ = {isa = PBXBuildFile; fileRef = E0EE20AC1983A57500D930E5 /* Images.xcassets */; };
		E0EE20B41983A57500D930E5 /* XCTest.framework in Frameworks */ = {isa = PBXBuildFile; fileRef = E0EE20B31983A57500D930E5 /* XCTest.framework */; };
		E0EE20B51983A57500D930E5 /* Foundation.framework in Frameworks */ = {isa = PBXBuildFile; fileRef = E0EE209A1983A57500D930E5 /* Foundation.framework */; };
		E0EE20B61983A57500D930E5 /* UIKit.framework in Frameworks */ = {isa = PBXBuildFile; fileRef = E0EE209E1983A57500D930E5 /* UIKit.framework */; };
		E0EE20BE1983A57500D930E5 /* InfoPlist.strings in Resources */ = {isa = PBXBuildFile; fileRef = E0EE20BC1983A57500D930E5 /* InfoPlist.strings */; };
		E0EE20C01983A57500D930E5 /* RichPhotoTests.m in Sources */ = {isa = PBXBuildFile; fileRef = E0EE20BF1983A57500D930E5 /* RichPhotoTests.m */; };
		E0EE20CB1983A5B100D930E5 /* RootViewController.m in Sources */ = {isa = PBXBuildFile; fileRef = E0EE20CA1983A5B100D930E5 /* RootViewController.m */; };
		E0EE20CE1983A5ED00D930E5 /* LICENSE in Resources */ = {isa = PBXBuildFile; fileRef = E0EE20CC1983A5ED00D930E5 /* LICENSE */; };
		E0EE20CF1983A5ED00D930E5 /* README.md in Resources */ = {isa = PBXBuildFile; fileRef = E0EE20CD1983A5ED00D930E5 /* README.md */; };
		E0EE20D21984D9CD00D930E5 /* BootViewController.m in Sources */ = {isa = PBXBuildFile; fileRef = E0EE20D11984D9CD00D930E5 /* BootViewController.m */; };
		E0EE20D61984DB6D00D930E5 /* LoginViewController.m in Sources */ = {isa = PBXBuildFile; fileRef = E0EE20D51984DB6D00D930E5 /* LoginViewController.m */; };
/* End PBXBuildFile section */

/* Begin PBXContainerItemProxy section */
		E0EE20B71983A57500D930E5 /* PBXContainerItemProxy */ = {
			isa = PBXContainerItemProxy;
			containerPortal = E0EE208F1983A57500D930E5 /* Project object */;
			proxyType = 1;
			remoteGlobalIDString = E0EE20961983A57500D930E5;
			remoteInfo = RichPhoto;
		};
/* End PBXContainerItemProxy section */

/* Begin PBXFileReference section */
		3FF6971696844970A09F3974 /* Pods.xcconfig */ = {isa = PBXFileReference; includeInIndex = 1; lastKnownFileType = text.xcconfig; name = Pods.xcconfig; path = Pods/Pods.xcconfig; sourceTree = "<group>"; };
		52864BA019B47BEE003D06DC /* login_account_clear@2x.png */ = {isa = PBXFileReference; lastKnownFileType = image.png; path = "login_account_clear@2x.png"; sourceTree = "<group>"; };
		529FC9B4199B38FC003B72EF /* zh-Hans */ = {isa = PBXFileReference; lastKnownFileType = text.plist.strings; name = "zh-Hans"; path = "zh-Hans.lproj/InfoPlist.strings"; sourceTree = "<group>"; };
		529FC9B5199B38FC003B72EF /* zh-Hans */ = {isa = PBXFileReference; lastKnownFileType = text.plist.strings; name = "zh-Hans"; path = "zh-Hans.lproj/InfoPlist.strings"; sourceTree = "<group>"; };
		529FC9CA199B5E28003B72EF /* zh-Hans */ = {isa = PBXFileReference; lastKnownFileType = text.plist.strings; name = "zh-Hans"; path = "zh-Hans.lproj/Localizable.strings"; sourceTree = "<group>"; };
		529FC9CC199B5E2E003B72EF /* en */ = {isa = PBXFileReference; lastKnownFileType = text.plist.strings; name = en; path = en.lproj/Localizable.strings; sourceTree = "<group>"; };
		529FC9CF199B6CCC003B72EF /* E_CommonManager.h */ = {isa = PBXFileReference; fileEncoding = 4; lastKnownFileType = sourcecode.c.h; path = E_CommonManager.h; sourceTree = "<group>"; };
		529FC9D0199B6CCC003B72EF /* E_CommonManager.m */ = {isa = PBXFileReference; fileEncoding = 4; lastKnownFileType = sourcecode.c.objc; path = E_CommonManager.m; sourceTree = "<group>"; };
		529FC9D1199B6CCC003B72EF /* E_EveryChapter.h */ = {isa = PBXFileReference; fileEncoding = 4; lastKnownFileType = sourcecode.c.h; path = E_EveryChapter.h; sourceTree = "<group>"; };
		529FC9D2199B6CCC003B72EF /* E_EveryChapter.m */ = {isa = PBXFileReference; fileEncoding = 4; lastKnownFileType = sourcecode.c.objc; path = E_EveryChapter.m; sourceTree = "<group>"; };
		529FC9D3199B6CCC003B72EF /* E_Paging.h */ = {isa = PBXFileReference; fileEncoding = 4; lastKnownFileType = sourcecode.c.h; path = E_Paging.h; sourceTree = "<group>"; };
		529FC9D4199B6CCC003B72EF /* E_Paging.mm */ = {isa = PBXFileReference; fileEncoding = 4; lastKnownFileType = sourcecode.cpp.objcpp; path = E_Paging.mm; sourceTree = "<group>"; };
		529FC9D5199B6CCC003B72EF /* E_ReaderDataSource.h */ = {isa = PBXFileReference; fileEncoding = 4; lastKnownFileType = sourcecode.c.h; path = E_ReaderDataSource.h; sourceTree = "<group>"; };
		529FC9D6199B6CCC003B72EF /* E_ReaderDataSource.m */ = {isa = PBXFileReference; fileEncoding = 4; lastKnownFileType = sourcecode.c.objc; path = E_ReaderDataSource.m; sourceTree = "<group>"; };
		529FC9D8199B6CCC003B72EF /* Chapter1.txt */ = {isa = PBXFileReference; fileEncoding = 4; lastKnownFileType = text; path = Chapter1.txt; sourceTree = "<group>"; };
		529FC9D9199B6CCC003B72EF /* Chapter2.txt */ = {isa = PBXFileReference; fileEncoding = 4; lastKnownFileType = text; path = Chapter2.txt; sourceTree = "<group>"; };
		529FC9DA199B6CCC003B72EF /* Chapter3.txt */ = {isa = PBXFileReference; fileEncoding = 4; lastKnownFileType = text; path = Chapter3.txt; sourceTree = "<group>"; };
		529FC9DB199B6CCC003B72EF /* Chapter4.txt */ = {isa = PBXFileReference; fileEncoding = 4; lastKnownFileType = text; path = Chapter4.txt; sourceTree = "<group>"; };
		529FC9DC199B6CCC003B72EF /* Chapter5.txt */ = {isa = PBXFileReference; fileEncoding = 4; lastKnownFileType = text; path = Chapter5.txt; sourceTree = "<group>"; };
		529FC9DD199B6CCC003B72EF /* Chapter6.txt */ = {isa = PBXFileReference; fileEncoding = 4; lastKnownFileType = text; path = Chapter6.txt; sourceTree = "<group>"; };
		529FC9DE199B6CCC003B72EF /* Chapter7.txt */ = {isa = PBXFileReference; fileEncoding = 4; lastKnownFileType = text; path = Chapter7.txt; sourceTree = "<group>"; };
		529FC9E0199B6CCC003B72EF /* E_ReaderView.h */ = {isa = PBXFileReference; fileEncoding = 4; lastKnownFileType = sourcecode.c.h; path = E_ReaderView.h; sourceTree = "<group>"; };
		529FC9E1199B6CCC003B72EF /* E_ReaderView.m */ = {isa = PBXFileReference; fileEncoding = 4; lastKnownFileType = sourcecode.c.objc; path = E_ReaderView.m; sourceTree = "<group>"; };
		529FC9E3199B6CCC003B72EF /* E_ReaderViewController.h */ = {isa = PBXFileReference; fileEncoding = 4; lastKnownFileType = sourcecode.c.h; path = E_ReaderViewController.h; sourceTree = "<group>"; };
		529FC9E4199B6CCC003B72EF /* E_ReaderViewController.m */ = {isa = PBXFileReference; fileEncoding = 4; lastKnownFileType = sourcecode.c.objc; path = E_ReaderViewController.m; sourceTree = "<group>"; };
		529FC9E5199B6CCC003B72EF /* E_ScrollViewController.h */ = {isa = PBXFileReference; fileEncoding = 4; lastKnownFileType = sourcecode.c.h; path = E_ScrollViewController.h; sourceTree = "<group>"; };
		529FC9E6199B6CCC003B72EF /* E_ScrollViewController.m */ = {isa = PBXFileReference; fileEncoding = 4; lastKnownFileType = sourcecode.c.objc; path = E_ScrollViewController.m; sourceTree = "<group>"; };
		8DCD2B9222F14BB2BD7BF086 /* libPods.a */ = {isa = PBXFileReference; explicitFileType = archive.ar; includeInIndex = 0; path = libPods.a; sourceTree = BUILT_PRODUCTS_DIR; };
		D281F07119B5BCAB006CF677 /* ImageFilterViewController.h */ = {isa = PBXFileReference; fileEncoding = 4; lastKnownFileType = sourcecode.c.h; path = ImageFilterViewController.h; sourceTree = "<group>"; };
		D281F07219B5BCAB006CF677 /* ImageFilterViewController.m */ = {isa = PBXFileReference; fileEncoding = 4; lastKnownFileType = sourcecode.c.objc; path = ImageFilterViewController.m; sourceTree = "<group>"; };
		D281F07A19B5BEE0006CF677 /* DisplayView.h */ = {isa = PBXFileReference; fileEncoding = 4; lastKnownFileType = sourcecode.c.h; path = DisplayView.h; sourceTree = "<group>"; };
		D281F07B19B5BEE0006CF677 /* DisplayView.m */ = {isa = PBXFileReference; fileEncoding = 4; lastKnownFileType = sourcecode.c.objc; path = DisplayView.m; sourceTree = "<group>"; };
		D2B11E8019B5B590004D97FA /* Reachability.h */ = {isa = PBXFileReference; fileEncoding = 4; lastKnownFileType = sourcecode.c.h; path = Reachability.h; sourceTree = "<group>"; };
		D2B11E8119B5B590004D97FA /* Reachability.m */ = {isa = PBXFileReference; fileEncoding = 4; lastKnownFileType = sourcecode.c.objc; path = Reachability.m; sourceTree = "<group>"; };
		D2B11E8419B5B5AB004D97FA /* GesturePasswordButton.h */ = {isa = PBXFileReference; fileEncoding = 4; lastKnownFileType = sourcecode.c.h; path = GesturePasswordButton.h; sourceTree = "<group>"; };
		D2B11E8519B5B5AB004D97FA /* GesturePasswordButton.m */ = {isa = PBXFileReference; fileEncoding = 4; lastKnownFileType = sourcecode.c.objc; path = GesturePasswordButton.m; sourceTree = "<group>"; };
		D2B11E8619B5B5AB004D97FA /* GesturePasswordController.h */ = {isa = PBXFileReference; fileEncoding = 4; lastKnownFileType = sourcecode.c.h; path = GesturePasswordController.h; sourceTree = "<group>"; };
		D2B11E8719B5B5AB004D97FA /* GesturePasswordController.m */ = {isa = PBXFileReference; fileEncoding = 4; lastKnownFileType = sourcecode.c.objc; path = GesturePasswordController.m; sourceTree = "<group>"; };
		D2B11E8819B5B5AB004D97FA /* GesturePasswordView.h */ = {isa = PBXFileReference; fileEncoding = 4; lastKnownFileType = sourcecode.c.h; path = GesturePasswordView.h; sourceTree = "<group>"; };
		D2B11E8919B5B5AB004D97FA /* GesturePasswordView.m */ = {isa = PBXFileReference; fileEncoding = 4; lastKnownFileType = sourcecode.c.objc; path = GesturePasswordView.m; sourceTree = "<group>"; };
		D2B11E8B19B5B5AB004D97FA /* KeychainItemWrapper.h */ = {isa = PBXFileReference; fileEncoding = 4; lastKnownFileType = sourcecode.c.h; path = KeychainItemWrapper.h; sourceTree = "<group>"; };
		D2B11E8C19B5B5AB004D97FA /* KeychainItemWrapper.m */ = {isa = PBXFileReference; fileEncoding = 4; lastKnownFileType = sourcecode.c.objc; path = KeychainItemWrapper.m; sourceTree = "<group>"; };
		D2B11E8D19B5B5AB004D97FA /* TentacleView.h */ = {isa = PBXFileReference; fileEncoding = 4; lastKnownFileType = sourcecode.c.h; path = TentacleView.h; sourceTree = "<group>"; };
		D2B11E8E19B5B5AB004D97FA /* TentacleView.m */ = {isa = PBXFileReference; fileEncoding = 4; lastKnownFileType = sourcecode.c.objc; path = TentacleView.m; sourceTree = "<group>"; };
		D2B11E9419B5B5D4004D97FA /* RP_CommonObj.h */ = {isa = PBXFileReference; fileEncoding = 4; lastKnownFileType = sourcecode.c.h; path = RP_CommonObj.h; sourceTree = "<group>"; };
		D2B11E9519B5B5D4004D97FA /* RP_CommonObj.m */ = {isa = PBXFileReference; fileEncoding = 4; lastKnownFileType = sourcecode.c.objc; path = RP_CommonObj.m; sourceTree = "<group>"; };
		D2B11E9719B5B5F1004D97FA /* DetailViewController.h */ = {isa = PBXFileReference; fileEncoding = 4; lastKnownFileType = sourcecode.c.h; path = DetailViewController.h; sourceTree = "<group>"; };
		D2B11E9819B5B5F1004D97FA /* DetailViewController.m */ = {isa = PBXFileReference; fileEncoding = 4; lastKnownFileType = sourcecode.c.objc; path = DetailViewController.m; sourceTree = "<group>"; };
		D2B11E9A19B5B696004D97FA /* CoreImage.framework */ = {isa = PBXFileReference; lastKnownFileType = wrapper.framework; name = CoreImage.framework; path = System/Library/Frameworks/CoreImage.framework; sourceTree = SDKROOT; };
		E02E877819C34FC500704E72 /* DotContentStyleView.h */ = {isa = PBXFileReference; fileEncoding = 4; lastKnownFileType = sourcecode.c.h; path = DotContentStyleView.h; sourceTree = "<group>"; };
		E02E877919C34FC500704E72 /* DotContentStyleView.m */ = {isa = PBXFileReference; fileEncoding = 4; lastKnownFileType = sourcecode.c.objc; path = DotContentStyleView.m; sourceTree = "<group>"; };
		E02E877A19C34FC500704E72 /* DotView.h */ = {isa = PBXFileReference; fileEncoding = 4; lastKnownFileType = sourcecode.c.h; path = DotView.h; sourceTree = "<group>"; };
		E02E877B19C34FC500704E72 /* DotView.m */ = {isa = PBXFileReference; fileEncoding = 4; lastKnownFileType = sourcecode.c.objc; path = DotView.m; sourceTree = "<group>"; };
		E02E877D19C34FC500704E72 /* text_bg_left@2x.png */ = {isa = PBXFileReference; lastKnownFileType = image.png; path = "text_bg_left@2x.png"; sourceTree = "<group>"; };
		E02E877E19C34FC500704E72 /* text_bg_right@2x.png */ = {isa = PBXFileReference; lastKnownFileType = image.png; path = "text_bg_right@2x.png"; sourceTree = "<group>"; };
		E02E877F19C34FC500704E72 /* RichImageView.h */ = {isa = PBXFileReference; fileEncoding = 4; lastKnownFileType = sourcecode.c.h; path = RichImageView.h; sourceTree = "<group>"; };
		E02E878019C34FC500704E72 /* RichImageView.m */ = {isa = PBXFileReference; fileEncoding = 4; lastKnownFileType = sourcecode.c.objc; path = RichImageView.m; sourceTree = "<group>"; };
		E02E878119C34FC500704E72 /* TextInputViewController.h */ = {isa = PBXFileReference; fileEncoding = 4; lastKnownFileType = sourcecode.c.h; path = TextInputViewController.h; sourceTree = "<group>"; };
		E02E878219C34FC500704E72 /* TextInputViewController.m */ = {isa = PBXFileReference; fileEncoding = 4; lastKnownFileType = sourcecode.c.objc; path = TextInputViewController.m; sourceTree = "<group>"; };
		E02E878919C3507E00704E72 /* RichImageViewController.h */ = {isa = PBXFileReference; fileEncoding = 4; lastKnownFileType = sourcecode.c.h; path = RichImageViewController.h; sourceTree = "<group>"; };
		E02E878A19C3507E00704E72 /* RichImageViewController.m */ = {isa = PBXFileReference; fileEncoding = 4; lastKnownFileType = sourcecode.c.objc; path = RichImageViewController.m; sourceTree = "<group>"; };
		E02E878C19C3518A00704E72 /* girl.jpg */ = {isa = PBXFileReference; lastKnownFileType = image.jpeg; path = girl.jpg; sourceTree = "<group>"; };
		E080CC681984EA5800DD8CEE /* login_btn_blue_nor@2x.png */ = {isa = PBXFileReference; lastKnownFileType = image.png; path = "login_btn_blue_nor@2x.png"; sourceTree = "<group>"; };
		E080CC691984EA5800DD8CEE /* login_btn_blue_press@2x.png */ = {isa = PBXFileReference; lastKnownFileType = image.png; path = "login_btn_blue_press@2x.png"; sourceTree = "<group>"; };
		E080CC6D1984EEA300DD8CEE /* UIImage+ResizableImage.h */ = {isa = PBXFileReference; fileEncoding = 4; lastKnownFileType = sourcecode.c.h; path = "UIImage+ResizableImage.h"; sourceTree = "<group>"; };
		E080CC6E1984EEA300DD8CEE /* UIImage+ResizableImage.m */ = {isa = PBXFileReference; fileEncoding = 4; lastKnownFileType = sourcecode.c.objc; path = "UIImage+ResizableImage.m"; sourceTree = "<group>"; };
		E080CC7019851F1600DD8CEE /* login_avatar@2x.png */ = {isa = PBXFileReference; lastKnownFileType = image.png; path = "login_avatar@2x.png"; sourceTree = "<group>"; };
		E080CC721985224200DD8CEE /* line@2x.png */ = {isa = PBXFileReference; lastKnownFileType = image.png; path = "line@2x.png"; sourceTree = "<group>"; };
		E080CC74198524D500DD8CEE /* login_textfield_more@2x.png */ = {isa = PBXFileReference; lastKnownFileType = image.png; path = "login_textfield_more@2x.png"; sourceTree = "<group>"; };
		E0EE20971983A57500D930E5 /* RichPhoto.app */ = {isa = PBXFileReference; explicitFileType = wrapper.application; includeInIndex = 0; path = RichPhoto.app; sourceTree = BUILT_PRODUCTS_DIR; };
		E0EE209A1983A57500D930E5 /* Foundation.framework */ = {isa = PBXFileReference; lastKnownFileType = wrapper.framework; name = Foundation.framework; path = System/Library/Frameworks/Foundation.framework; sourceTree = SDKROOT; };
		E0EE209C1983A57500D930E5 /* CoreGraphics.framework */ = {isa = PBXFileReference; lastKnownFileType = wrapper.framework; name = CoreGraphics.framework; path = System/Library/Frameworks/CoreGraphics.framework; sourceTree = SDKROOT; };
		E0EE209E1983A57500D930E5 /* UIKit.framework */ = {isa = PBXFileReference; lastKnownFileType = wrapper.framework; name = UIKit.framework; path = System/Library/Frameworks/UIKit.framework; sourceTree = SDKROOT; };
		E0EE20A21983A57500D930E5 /* RichPhoto-Info.plist */ = {isa = PBXFileReference; lastKnownFileType = text.plist.xml; path = "RichPhoto-Info.plist"; sourceTree = "<group>"; };
		E0EE20A41983A57500D930E5 /* en */ = {isa = PBXFileReference; lastKnownFileType = text.plist.strings; name = en; path = en.lproj/InfoPlist.strings; sourceTree = "<group>"; };
		E0EE20A61983A57500D930E5 /* main.m */ = {isa = PBXFileReference; lastKnownFileType = sourcecode.c.objc; path = main.m; sourceTree = "<group>"; };
		E0EE20A81983A57500D930E5 /* RichPhoto-Prefix.pch */ = {isa = PBXFileReference; lastKnownFileType = sourcecode.c.h; path = "RichPhoto-Prefix.pch"; sourceTree = "<group>"; };
		E0EE20A91983A57500D930E5 /* AppDelegate.h */ = {isa = PBXFileReference; lastKnownFileType = sourcecode.c.h; path = AppDelegate.h; sourceTree = "<group>"; };
		E0EE20AA1983A57500D930E5 /* AppDelegate.m */ = {isa = PBXFileReference; lastKnownFileType = sourcecode.c.objc; path = AppDelegate.m; sourceTree = "<group>"; };
		E0EE20AC1983A57500D930E5 /* Images.xcassets */ = {isa = PBXFileReference; lastKnownFileType = folder.assetcatalog; path = Images.xcassets; sourceTree = "<group>"; };
		E0EE20B21983A57500D930E5 /* RichPhotoTests.xctest */ = {isa = PBXFileReference; explicitFileType = wrapper.cfbundle; includeInIndex = 0; path = RichPhotoTests.xctest; sourceTree = BUILT_PRODUCTS_DIR; };
		E0EE20B31983A57500D930E5 /* XCTest.framework */ = {isa = PBXFileReference; lastKnownFileType = wrapper.framework; name = XCTest.framework; path = Library/Frameworks/XCTest.framework; sourceTree = DEVELOPER_DIR; };
		E0EE20BB1983A57500D930E5 /* RichPhotoTests-Info.plist */ = {isa = PBXFileReference; lastKnownFileType = text.plist.xml; path = "RichPhotoTests-Info.plist"; sourceTree = "<group>"; };
		E0EE20BD1983A57500D930E5 /* en */ = {isa = PBXFileReference; lastKnownFileType = text.plist.strings; name = en; path = en.lproj/InfoPlist.strings; sourceTree = "<group>"; };
		E0EE20BF1983A57500D930E5 /* RichPhotoTests.m */ = {isa = PBXFileReference; lastKnownFileType = sourcecode.c.objc; path = RichPhotoTests.m; sourceTree = "<group>"; };
		E0EE20C91983A5B100D930E5 /* RootViewController.h */ = {isa = PBXFileReference; fileEncoding = 4; lastKnownFileType = sourcecode.c.h; path = RootViewController.h; sourceTree = "<group>"; };
		E0EE20CA1983A5B100D930E5 /* RootViewController.m */ = {isa = PBXFileReference; fileEncoding = 4; lastKnownFileType = sourcecode.c.objc; path = RootViewController.m; sourceTree = "<group>"; };
		E0EE20CC1983A5ED00D930E5 /* LICENSE */ = {isa = PBXFileReference; fileEncoding = 4; lastKnownFileType = text; path = LICENSE; sourceTree = SOURCE_ROOT; };
		E0EE20CD1983A5ED00D930E5 /* README.md */ = {isa = PBXFileReference; fileEncoding = 4; lastKnownFileType = text; path = README.md; sourceTree = SOURCE_ROOT; };
		E0EE20D01984D9CD00D930E5 /* BootViewController.h */ = {isa = PBXFileReference; fileEncoding = 4; lastKnownFileType = sourcecode.c.h; path = BootViewController.h; sourceTree = "<group>"; };
		E0EE20D11984D9CD00D930E5 /* BootViewController.m */ = {isa = PBXFileReference; fileEncoding = 4; lastKnownFileType = sourcecode.c.objc; path = BootViewController.m; sourceTree = "<group>"; };
		E0EE20D41984DB6D00D930E5 /* LoginViewController.h */ = {isa = PBXFileReference; fileEncoding = 4; lastKnownFileType = sourcecode.c.h; path = LoginViewController.h; sourceTree = "<group>"; };
		E0EE20D51984DB6D00D930E5 /* LoginViewController.m */ = {isa = PBXFileReference; fileEncoding = 4; lastKnownFileType = sourcecode.c.objc; path = LoginViewController.m; sourceTree = "<group>"; };
/* End PBXFileReference section */

/* Begin PBXFrameworksBuildPhase section */
		E0EE20941983A57500D930E5 /* Frameworks */ = {
			isa = PBXFrameworksBuildPhase;
			buildActionMask = 2147483647;
			files = (
				D2B11E9B19B5B696004D97FA /* CoreImage.framework in Frameworks */,
				E0EE209D1983A57500D930E5 /* CoreGraphics.framework in Frameworks */,
				E0EE209F1983A57500D930E5 /* UIKit.framework in Frameworks */,
				E0EE209B1983A57500D930E5 /* Foundation.framework in Frameworks */,
				B13200E5E1C346FD864E20AF /* libPods.a in Frameworks */,
			);
			runOnlyForDeploymentPostprocessing = 0;
		};
		E0EE20AF1983A57500D930E5 /* Frameworks */ = {
			isa = PBXFrameworksBuildPhase;
			buildActionMask = 2147483647;
			files = (
				E0EE20B41983A57500D930E5 /* XCTest.framework in Frameworks */,
				E0EE20B61983A57500D930E5 /* UIKit.framework in Frameworks */,
				E0EE20B51983A57500D930E5 /* Foundation.framework in Frameworks */,
			);
			runOnlyForDeploymentPostprocessing = 0;
		};
/* End PBXFrameworksBuildPhase section */

/* Begin PBXGroup section */
		529FC9CD199B6CCC003B72EF /* EReader */ = {
			isa = PBXGroup;
			children = (
				529FC9CE199B6CCC003B72EF /* Mode */,
				529FC9D7199B6CCC003B72EF /* resource */,
				529FC9DF199B6CCC003B72EF /* View */,
				529FC9E2199B6CCC003B72EF /* ViewController */,
			);
			path = EReader;
			sourceTree = "<group>";
		};
		529FC9CE199B6CCC003B72EF /* Mode */ = {
			isa = PBXGroup;
			children = (
				529FC9CF199B6CCC003B72EF /* E_CommonManager.h */,
				529FC9D0199B6CCC003B72EF /* E_CommonManager.m */,
				529FC9D1199B6CCC003B72EF /* E_EveryChapter.h */,
				529FC9D2199B6CCC003B72EF /* E_EveryChapter.m */,
				529FC9D3199B6CCC003B72EF /* E_Paging.h */,
				529FC9D4199B6CCC003B72EF /* E_Paging.mm */,
				529FC9D5199B6CCC003B72EF /* E_ReaderDataSource.h */,
				529FC9D6199B6CCC003B72EF /* E_ReaderDataSource.m */,
			);
			path = Mode;
			sourceTree = "<group>";
		};
		529FC9D7199B6CCC003B72EF /* resource */ = {
			isa = PBXGroup;
			children = (
				529FC9D8199B6CCC003B72EF /* Chapter1.txt */,
				529FC9D9199B6CCC003B72EF /* Chapter2.txt */,
				529FC9DA199B6CCC003B72EF /* Chapter3.txt */,
				529FC9DB199B6CCC003B72EF /* Chapter4.txt */,
				529FC9DC199B6CCC003B72EF /* Chapter5.txt */,
				529FC9DD199B6CCC003B72EF /* Chapter6.txt */,
				529FC9DE199B6CCC003B72EF /* Chapter7.txt */,
			);
			path = resource;
			sourceTree = "<group>";
		};
		529FC9DF199B6CCC003B72EF /* View */ = {
			isa = PBXGroup;
			children = (
				529FC9E0199B6CCC003B72EF /* E_ReaderView.h */,
				529FC9E1199B6CCC003B72EF /* E_ReaderView.m */,
			);
			path = View;
			sourceTree = "<group>";
		};
		529FC9E2199B6CCC003B72EF /* ViewController */ = {
			isa = PBXGroup;
			children = (
				529FC9E3199B6CCC003B72EF /* E_ReaderViewController.h */,
				529FC9E4199B6CCC003B72EF /* E_ReaderViewController.m */,
				529FC9E5199B6CCC003B72EF /* E_ScrollViewController.h */,
				529FC9E6199B6CCC003B72EF /* E_ScrollViewController.m */,
			);
			path = ViewController;
			sourceTree = "<group>";
		};
		D281F07919B5BEE0006CF677 /* View */ = {
			isa = PBXGroup;
			children = (
				D281F07A19B5BEE0006CF677 /* DisplayView.h */,
				D281F07B19B5BEE0006CF677 /* DisplayView.m */,
			);
			path = View;
			sourceTree = "<group>";
		};
		D2B11E7F19B5B590004D97FA /* ThirdPart */ = {
			isa = PBXGroup;
			children = (
				D2B11E8019B5B590004D97FA /* Reachability.h */,
				D2B11E8119B5B590004D97FA /* Reachability.m */,
			);
			path = ThirdPart;
			sourceTree = "<group>";
		};
		D2B11E8319B5B5AB004D97FA /* GesturePassword */ = {
			isa = PBXGroup;
			children = (
				D2B11E8419B5B5AB004D97FA /* GesturePasswordButton.h */,
				D2B11E8519B5B5AB004D97FA /* GesturePasswordButton.m */,
				D2B11E8619B5B5AB004D97FA /* GesturePasswordController.h */,
				D2B11E8719B5B5AB004D97FA /* GesturePasswordController.m */,
				D2B11E8819B5B5AB004D97FA /* GesturePasswordView.h */,
				D2B11E8919B5B5AB004D97FA /* GesturePasswordView.m */,
				D2B11E8A19B5B5AB004D97FA /* KeychainItemWrapper */,
				D2B11E8D19B5B5AB004D97FA /* TentacleView.h */,
				D2B11E8E19B5B5AB004D97FA /* TentacleView.m */,
			);
			path = GesturePassword;
			sourceTree = "<group>";
		};
		D2B11E8A19B5B5AB004D97FA /* KeychainItemWrapper */ = {
			isa = PBXGroup;
			children = (
				D2B11E8B19B5B5AB004D97FA /* KeychainItemWrapper.h */,
				D2B11E8C19B5B5AB004D97FA /* KeychainItemWrapper.m */,
			);
			path = KeychainItemWrapper;
			sourceTree = "<group>";
		};
		E02E877719C34FC500704E72 /* RichImage */ = {
			isa = PBXGroup;
			children = (
				E02E877C19C34FC500704E72 /* images */,
				E02E877819C34FC500704E72 /* DotContentStyleView.h */,
				E02E877919C34FC500704E72 /* DotContentStyleView.m */,
				E02E877A19C34FC500704E72 /* DotView.h */,
				E02E877B19C34FC500704E72 /* DotView.m */,
				E02E877F19C34FC500704E72 /* RichImageView.h */,
				E02E878019C34FC500704E72 /* RichImageView.m */,
				E02E878119C34FC500704E72 /* TextInputViewController.h */,
				E02E878219C34FC500704E72 /* TextInputViewController.m */,
				E02E878919C3507E00704E72 /* RichImageViewController.h */,
				E02E878A19C3507E00704E72 /* RichImageViewController.m */,
			);
			path = RichImage;
			sourceTree = "<group>";
		};
		E02E877C19C34FC500704E72 /* images */ = {
			isa = PBXGroup;
			children = (
				E02E878C19C3518A00704E72 /* girl.jpg */,
				E02E877D19C34FC500704E72 /* text_bg_left@2x.png */,
				E02E877E19C34FC500704E72 /* text_bg_right@2x.png */,
			);
			path = images;
			sourceTree = "<group>";
		};
		E080CC671984EA4300DD8CEE /* images */ = {
			isa = PBXGroup;
			children = (
				E080CC7019851F1600DD8CEE /* login_avatar@2x.png */,
				E080CC681984EA5800DD8CEE /* login_btn_blue_nor@2x.png */,
				E080CC721985224200DD8CEE /* line@2x.png */,
				E080CC691984EA5800DD8CEE /* login_btn_blue_press@2x.png */,
				E080CC74198524D500DD8CEE /* login_textfield_more@2x.png */,
				52864BA019B47BEE003D06DC /* login_account_clear@2x.png */,
			);
			path = images;
			sourceTree = "<group>";
		};
		E080CC6C1984EE5000DD8CEE /* common */ = {
			isa = PBXGroup;
			children = (
				E080CC6D1984EEA300DD8CEE /* UIImage+ResizableImage.h */,
				E080CC6E1984EEA300DD8CEE /* UIImage+ResizableImage.m */,
				D2B11E9419B5B5D4004D97FA /* RP_CommonObj.h */,
				D2B11E9519B5B5D4004D97FA /* RP_CommonObj.m */,
			);
			path = common;
			sourceTree = "<group>";
		};
		E0EE208E1983A57500D930E5 = {
			isa = PBXGroup;
			children = (
				E0EE20A01983A57500D930E5 /* RichPhoto */,
				E0EE20B91983A57500D930E5 /* RichPhotoTests */,
				E0EE20991983A57500D930E5 /* Frameworks */,
				E0EE20981983A57500D930E5 /* Products */,
				3FF6971696844970A09F3974 /* Pods.xcconfig */,
			);
			sourceTree = "<group>";
		};
		E0EE20981983A57500D930E5 /* Products */ = {
			isa = PBXGroup;
			children = (
				E0EE20971983A57500D930E5 /* RichPhoto.app */,
				E0EE20B21983A57500D930E5 /* RichPhotoTests.xctest */,
			);
			name = Products;
			sourceTree = "<group>";
		};
		E0EE20991983A57500D930E5 /* Frameworks */ = {
			isa = PBXGroup;
			children = (
				D2B11E9A19B5B696004D97FA /* CoreImage.framework */,
				E0EE209A1983A57500D930E5 /* Foundation.framework */,
				E0EE209C1983A57500D930E5 /* CoreGraphics.framework */,
				E0EE209E1983A57500D930E5 /* UIKit.framework */,
				E0EE20B31983A57500D930E5 /* XCTest.framework */,
				8DCD2B9222F14BB2BD7BF086 /* libPods.a */,
			);
			name = Frameworks;
			sourceTree = "<group>";
		};
		E0EE20A01983A57500D930E5 /* RichPhoto */ = {
			isa = PBXGroup;
			children = (
				E02E877719C34FC500704E72 /* RichImage */,
				D2B11E8319B5B5AB004D97FA /* GesturePassword */,
				D2B11E7F19B5B590004D97FA /* ThirdPart */,
				529FC9CD199B6CCC003B72EF /* EReader */,
				E0EE20A91983A57500D930E5 /* AppDelegate.h */,
				E0EE20AA1983A57500D930E5 /* AppDelegate.m */,
				E0EE20C91983A5B100D930E5 /* RootViewController.h */,
				E0EE20CA1983A5B100D930E5 /* RootViewController.m */,
				E0EE20D01984D9CD00D930E5 /* BootViewController.h */,
				E0EE20D11984D9CD00D930E5 /* BootViewController.m */,
				D281F07919B5BEE0006CF677 /* View */,
				E080CC6C1984EE5000DD8CEE /* common */,
				E0EE20D31984DB5000D930E5 /* Login */,
				E0EE20AC1983A57500D930E5 /* Images.xcassets */,
				E0EE20A11983A57500D930E5 /* Supporting Files */,
			);
			path = RichPhoto;
			sourceTree = "<group>";
		};
		E0EE20A11983A57500D930E5 /* Supporting Files */ = {
			isa = PBXGroup;
			children = (
				E0EE20CC1983A5ED00D930E5 /* LICENSE */,
				E0EE20CD1983A5ED00D930E5 /* README.md */,
				E0EE20A21983A57500D930E5 /* RichPhoto-Info.plist */,
				E0EE20A31983A57500D930E5 /* InfoPlist.strings */,
				E0EE20A61983A57500D930E5 /* main.m */,
				E0EE20A81983A57500D930E5 /* RichPhoto-Prefix.pch */,
				529FC9CB199B5E28003B72EF /* Localizable.strings */,
			);
			name = "Supporting Files";
			sourceTree = "<group>";
		};
		E0EE20B91983A57500D930E5 /* RichPhotoTests */ = {
			isa = PBXGroup;
			children = (
				E0EE20BF1983A57500D930E5 /* RichPhotoTests.m */,
				E0EE20BA1983A57500D930E5 /* Supporting Files */,
			);
			path = RichPhotoTests;
			sourceTree = "<group>";
		};
		E0EE20BA1983A57500D930E5 /* Supporting Files */ = {
			isa = PBXGroup;
			children = (
				E0EE20BB1983A57500D930E5 /* RichPhotoTests-Info.plist */,
				E0EE20BC1983A57500D930E5 /* InfoPlist.strings */,
			);
			name = "Supporting Files";
			sourceTree = "<group>";
		};
		E0EE20D31984DB5000D930E5 /* Login */ = {
			isa = PBXGroup;
			children = (
				E0EE20D41984DB6D00D930E5 /* LoginViewController.h */,
				E0EE20D51984DB6D00D930E5 /* LoginViewController.m */,
				D2B11E9719B5B5F1004D97FA /* DetailViewController.h */,
				D2B11E9819B5B5F1004D97FA /* DetailViewController.m */,
				D281F07119B5BCAB006CF677 /* ImageFilterViewController.h */,
				D281F07219B5BCAB006CF677 /* ImageFilterViewController.m */,
				E080CC671984EA4300DD8CEE /* images */,
			);
			path = Login;
			sourceTree = "<group>";
		};
/* End PBXGroup section */

/* Begin PBXNativeTarget section */
		E0EE20961983A57500D930E5 /* RichPhoto */ = {
			isa = PBXNativeTarget;
			buildConfigurationList = E0EE20C31983A57500D930E5 /* Build configuration list for PBXNativeTarget "RichPhoto" */;
			buildPhases = (
				6731E5AD73C94579AE5C9062 /* Check Pods Manifest.lock */,
				E0EE20931983A57500D930E5 /* Sources */,
				E0EE20941983A57500D930E5 /* Frameworks */,
				E0EE20951983A57500D930E5 /* Resources */,
				7F08B1269C8F4B5A88506B1F /* Copy Pods Resources */,
			);
			buildRules = (
			);
			dependencies = (
			);
			name = RichPhoto;
			productName = RichPhoto;
			productReference = E0EE20971983A57500D930E5 /* RichPhoto.app */;
			productType = "com.apple.product-type.application";
		};
		E0EE20B11983A57500D930E5 /* RichPhotoTests */ = {
			isa = PBXNativeTarget;
			buildConfigurationList = E0EE20C61983A57500D930E5 /* Build configuration list for PBXNativeTarget "RichPhotoTests" */;
			buildPhases = (
				E0EE20AE1983A57500D930E5 /* Sources */,
				E0EE20AF1983A57500D930E5 /* Frameworks */,
				E0EE20B01983A57500D930E5 /* Resources */,
			);
			buildRules = (
			);
			dependencies = (
				E0EE20B81983A57500D930E5 /* PBXTargetDependency */,
			);
			name = RichPhotoTests;
			productName = RichPhotoTests;
			productReference = E0EE20B21983A57500D930E5 /* RichPhotoTests.xctest */;
			productType = "com.apple.product-type.bundle.unit-test";
		};
/* End PBXNativeTarget section */

/* Begin PBXProject section */
		E0EE208F1983A57500D930E5 /* Project object */ = {
			isa = PBXProject;
			attributes = {
				LastUpgradeCheck = 0510;
				ORGANIZATIONNAME = smart;
				TargetAttributes = {
					E0EE20B11983A57500D930E5 = {
						TestTargetID = E0EE20961983A57500D930E5;
					};
				};
			};
			buildConfigurationList = E0EE20921983A57500D930E5 /* Build configuration list for PBXProject "RichPhoto" */;
			compatibilityVersion = "Xcode 3.2";
			developmentRegion = English;
			hasScannedForEncodings = 0;
			knownRegions = (
				en,
				"zh-Hans",
			);
			mainGroup = E0EE208E1983A57500D930E5;
			productRefGroup = E0EE20981983A57500D930E5 /* Products */;
			projectDirPath = "";
			projectRoot = "";
			targets = (
				E0EE20961983A57500D930E5 /* RichPhoto */,
				E0EE20B11983A57500D930E5 /* RichPhotoTests */,
			);
		};
/* End PBXProject section */

/* Begin PBXResourcesBuildPhase section */
		E0EE20951983A57500D930E5 /* Resources */ = {
			isa = PBXResourcesBuildPhase;
			buildActionMask = 2147483647;
			files = (
				E080CC7119851F1600DD8CEE /* login_avatar@2x.png in Resources */,
				E0EE20CE1983A5ED00D930E5 /* LICENSE in Resources */,
				529FC9EF199B6CCC003B72EF /* Chapter5.txt in Resources */,
				529FC9F1199B6CCC003B72EF /* Chapter7.txt in Resources */,
				E080CC6A1984EA5800DD8CEE /* login_btn_blue_nor@2x.png in Resources */,
				E080CC731985224200DD8CEE /* line@2x.png in Resources */,
				52864BA119B47BEE003D06DC /* login_account_clear@2x.png in Resources */,
				E02E878619C34FC500704E72 /* text_bg_right@2x.png in Resources */,
				529FC9EB199B6CCC003B72EF /* Chapter1.txt in Resources */,
				529FC9EE199B6CCC003B72EF /* Chapter4.txt in Resources */,
				E02E878D19C3518A00704E72 /* girl.jpg in Resources */,
				529FC9F0199B6CCC003B72EF /* Chapter6.txt in Resources */,
				E0EE20A51983A57500D930E5 /* InfoPlist.strings in Resources */,
				529FC9C9199B5E28003B72EF /* Localizable.strings in Resources */,
				529FC9ED199B6CCC003B72EF /* Chapter3.txt in Resources */,
				E0EE20CF1983A5ED00D930E5 /* README.md in Resources */,
				E0EE20AD1983A57500D930E5 /* Images.xcassets in Resources */,
				E080CC6B1984EA5800DD8CEE /* login_btn_blue_press@2x.png in Resources */,
				E080CC75198524D500DD8CEE /* login_textfield_more@2x.png in Resources */,
				529FC9EC199B6CCC003B72EF /* Chapter2.txt in Resources */,
				E02E878519C34FC500704E72 /* text_bg_left@2x.png in Resources */,
			);
			runOnlyForDeploymentPostprocessing = 0;
		};
		E0EE20B01983A57500D930E5 /* Resources */ = {
			isa = PBXResourcesBuildPhase;
			buildActionMask = 2147483647;
			files = (
				E0EE20BE1983A57500D930E5 /* InfoPlist.strings in Resources */,
			);
			runOnlyForDeploymentPostprocessing = 0;
		};
/* End PBXResourcesBuildPhase section */

/* Begin PBXShellScriptBuildPhase section */
		6731E5AD73C94579AE5C9062 /* Check Pods Manifest.lock */ = {
			isa = PBXShellScriptBuildPhase;
			buildActionMask = 2147483647;
			files = (
			);
			inputPaths = (
			);
			name = "Check Pods Manifest.lock";
			outputPaths = (
			);
			runOnlyForDeploymentPostprocessing = 0;
			shellPath = /bin/sh;
			shellScript = "diff \"${PODS_ROOT}/../Podfile.lock\" \"${PODS_ROOT}/Manifest.lock\" > /dev/null\nif [[ $? != 0 ]] ; then\n    cat << EOM\nerror: The sandbox is not in sync with the Podfile.lock. Run 'pod install' or update your CocoaPods installation.\nEOM\n    exit 1\nfi\n";
			showEnvVarsInLog = 0;
		};
		7F08B1269C8F4B5A88506B1F /* Copy Pods Resources */ = {
			isa = PBXShellScriptBuildPhase;
			buildActionMask = 2147483647;
			files = (
			);
			inputPaths = (
			);
			name = "Copy Pods Resources";
			outputPaths = (
			);
			runOnlyForDeploymentPostprocessing = 0;
			shellPath = /bin/sh;
			shellScript = "\"${SRCROOT}/Pods/Pods-resources.sh\"\n";
			showEnvVarsInLog = 0;
		};
/* End PBXShellScriptBuildPhase section */

/* Begin PBXSourcesBuildPhase section */
		E0EE20931983A57500D930E5 /* Sources */ = {
			isa = PBXSourcesBuildPhase;
			buildActionMask = 2147483647;
			files = (
				D281F07319B5BCAB006CF677 /* ImageFilterViewController.m in Sources */,
				E0EE20AB1983A57500D930E5 /* AppDelegate.m in Sources */,
				529FC9F3199B6CCC003B72EF /* E_ReaderViewController.m in Sources */,
				529FC9E8199B6CCC003B72EF /* E_EveryChapter.m in Sources */,
				D2B11E8F19B5B5AB004D97FA /* GesturePasswordButton.m in Sources */,
				E0EE20A71983A57500D930E5 /* main.m in Sources */,
				529FC9EA199B6CCC003B72EF /* E_ReaderDataSource.m in Sources */,
				E0EE20D21984D9CD00D930E5 /* BootViewController.m in Sources */,
				529FC9E9199B6CCC003B72EF /* E_Paging.mm in Sources */,
				D2B11E9319B5B5AB004D97FA /* TentacleView.m in Sources */,
				D2B11E9219B5B5AB004D97FA /* KeychainItemWrapper.m in Sources */,
				D2B11E9619B5B5D4004D97FA /* RP_CommonObj.m in Sources */,
				E02E878B19C3507E00704E72 /* RichImageViewController.m in Sources */,
				E02E878419C34FC500704E72 /* DotView.m in Sources */,
				529FC9F4199B6CCC003B72EF /* E_ScrollViewController.m in Sources */,
				D2B11E8219B5B590004D97FA /* Reachability.m in Sources */,
				E02E878319C34FC500704E72 /* DotContentStyleView.m in Sources */,
				529FC9E7199B6CCC003B72EF /* E_CommonManager.m in Sources */,
				E080CC6F1984EEA300DD8CEE /* UIImage+ResizableImage.m in Sources */,
				D2B11E9019B5B5AB004D97FA /* GesturePasswordController.m in Sources */,
				E0EE20CB1983A5B100D930E5 /* RootViewController.m in Sources */,
				D2B11E9119B5B5AB004D97FA /* GesturePasswordView.m in Sources */,
				529FC9F2199B6CCC003B72EF /* E_ReaderView.m in Sources */,
				E0EE20D61984DB6D00D930E5 /* LoginViewController.m in Sources */,
				D2B11E9919B5B5F1004D97FA /* DetailViewController.m in Sources */,
				E02E878719C34FC500704E72 /* RichImageView.m in Sources */,
				E02E878819C34FC500704E72 /* TextInputViewController.m in Sources */,
				D281F07C19B5BEE0006CF677 /* DisplayView.m in Sources */,
			);
			runOnlyForDeploymentPostprocessing = 0;
		};
		E0EE20AE1983A57500D930E5 /* Sources */ = {
			isa = PBXSourcesBuildPhase;
			buildActionMask = 2147483647;
			files = (
				E0EE20C01983A57500D930E5 /* RichPhotoTests.m in Sources */,
			);
			runOnlyForDeploymentPostprocessing = 0;
		};
/* End PBXSourcesBuildPhase section */

/* Begin PBXTargetDependency section */
		E0EE20B81983A57500D930E5 /* PBXTargetDependency */ = {
			isa = PBXTargetDependency;
			target = E0EE20961983A57500D930E5 /* RichPhoto */;
			targetProxy = E0EE20B71983A57500D930E5 /* PBXContainerItemProxy */;
		};
/* End PBXTargetDependency section */

/* Begin PBXVariantGroup section */
		529FC9CB199B5E28003B72EF /* Localizable.strings */ = {
			isa = PBXVariantGroup;
			children = (
				529FC9CA199B5E28003B72EF /* zh-Hans */,
				529FC9CC199B5E2E003B72EF /* en */,
			);
			name = Localizable.strings;
			sourceTree = "<group>";
		};
		E0EE20A31983A57500D930E5 /* InfoPlist.strings */ = {
			isa = PBXVariantGroup;
			children = (
				E0EE20A41983A57500D930E5 /* en */,
				529FC9B4199B38FC003B72EF /* zh-Hans */,
			);
			name = InfoPlist.strings;
			sourceTree = "<group>";
		};
		E0EE20BC1983A57500D930E5 /* InfoPlist.strings */ = {
			isa = PBXVariantGroup;
			children = (
				E0EE20BD1983A57500D930E5 /* en */,
				529FC9B5199B38FC003B72EF /* zh-Hans */,
			);
			name = InfoPlist.strings;
			sourceTree = "<group>";
		};
/* End PBXVariantGroup section */

/* Begin XCBuildConfiguration section */
		E0EE20C11983A57500D930E5 /* Debug */ = {
			isa = XCBuildConfiguration;
			buildSettings = {
				ALWAYS_SEARCH_USER_PATHS = NO;
				CLANG_CXX_LANGUAGE_STANDARD = "gnu++0x";
				CLANG_CXX_LIBRARY = "libc++";
				CLANG_ENABLE_MODULES = YES;
				CLANG_ENABLE_OBJC_ARC = YES;
				CLANG_WARN_BOOL_CONVERSION = YES;
				CLANG_WARN_CONSTANT_CONVERSION = YES;
				CLANG_WARN_DIRECT_OBJC_ISA_USAGE = YES_ERROR;
				CLANG_WARN_EMPTY_BODY = YES;
				CLANG_WARN_ENUM_CONVERSION = YES;
				CLANG_WARN_INT_CONVERSION = YES;
				CLANG_WARN_OBJC_ROOT_CLASS = YES_ERROR;
				CLANG_WARN__DUPLICATE_METHOD_MATCH = YES;
				"CODE_SIGN_IDENTITY[sdk=iphoneos*]" = "iPhone Developer";
				COPY_PHASE_STRIP = NO;
				GCC_C_LANGUAGE_STANDARD = gnu99;
				GCC_DYNAMIC_NO_PIC = NO;
				GCC_OPTIMIZATION_LEVEL = 0;
				GCC_PREPROCESSOR_DEFINITIONS = (
					"DEBUG=1",
					"$(inherited)",
				);
				GCC_SYMBOLS_PRIVATE_EXTERN = NO;
				GCC_WARN_64_TO_32_BIT_CONVERSION = YES;
				GCC_WARN_ABOUT_RETURN_TYPE = YES_ERROR;
				GCC_WARN_UNDECLARED_SELECTOR = YES;
				GCC_WARN_UNINITIALIZED_AUTOS = YES_AGGRESSIVE;
				GCC_WARN_UNUSED_FUNCTION = YES;
				GCC_WARN_UNUSED_VARIABLE = YES;
				IPHONEOS_DEPLOYMENT_TARGET = 7.1;
				ONLY_ACTIVE_ARCH = YES;
				SDKROOT = iphoneos;
			};
			name = Debug;
		};
		E0EE20C21983A57500D930E5 /* Release */ = {
			isa = XCBuildConfiguration;
			buildSettings = {
				ALWAYS_SEARCH_USER_PATHS = NO;
				CLANG_CXX_LANGUAGE_STANDARD = "gnu++0x";
				CLANG_CXX_LIBRARY = "libc++";
				CLANG_ENABLE_MODULES = YES;
				CLANG_ENABLE_OBJC_ARC = YES;
				CLANG_WARN_BOOL_CONVERSION = YES;
				CLANG_WARN_CONSTANT_CONVERSION = YES;
				CLANG_WARN_DIRECT_OBJC_ISA_USAGE = YES_ERROR;
				CLANG_WARN_EMPTY_BODY = YES;
				CLANG_WARN_ENUM_CONVERSION = YES;
				CLANG_WARN_INT_CONVERSION = YES;
				CLANG_WARN_OBJC_ROOT_CLASS = YES_ERROR;
				CLANG_WARN__DUPLICATE_METHOD_MATCH = YES;
				"CODE_SIGN_IDENTITY[sdk=iphoneos*]" = "iPhone Developer";
				COPY_PHASE_STRIP = YES;
				ENABLE_NS_ASSERTIONS = NO;
				GCC_C_LANGUAGE_STANDARD = gnu99;
				GCC_WARN_64_TO_32_BIT_CONVERSION = YES;
				GCC_WARN_ABOUT_RETURN_TYPE = YES_ERROR;
				GCC_WARN_UNDECLARED_SELECTOR = YES;
				GCC_WARN_UNINITIALIZED_AUTOS = YES_AGGRESSIVE;
				GCC_WARN_UNUSED_FUNCTION = YES;
				GCC_WARN_UNUSED_VARIABLE = YES;
				IPHONEOS_DEPLOYMENT_TARGET = 7.1;
				SDKROOT = iphoneos;
				VALIDATE_PRODUCT = YES;
			};
			name = Release;
		};
		E0EE20C41983A57500D930E5 /* Debug */ = {
			isa = XCBuildConfiguration;
			baseConfigurationReference = 3FF6971696844970A09F3974 /* Pods.xcconfig */;
			buildSettings = {
				ASSETCATALOG_COMPILER_APPICON_NAME = AppIcon;
				ASSETCATALOG_COMPILER_LAUNCHIMAGE_NAME = LaunchImage;
				CODE_SIGN_IDENTITY = "iPhone Developer: sun peng (NLFJ75XF92)";
				GCC_PRECOMPILE_PREFIX_HEADER = YES;
				GCC_PREFIX_HEADER = "RichPhoto/RichPhoto-Prefix.pch";
				INFOPLIST_FILE = "RichPhoto/RichPhoto-Info.plist";
				PRODUCT_NAME = "$(TARGET_NAME)";
				PROVISIONING_PROFILE = "3502e99d-b74c-4c65-a962-08fad543e609";
				WRAPPER_EXTENSION = app;
			};
			name = Debug;
		};
		E0EE20C51983A57500D930E5 /* Release */ = {
			isa = XCBuildConfiguration;
			baseConfigurationReference = 3FF6971696844970A09F3974 /* Pods.xcconfig */;
			buildSettings = {
				ASSETCATALOG_COMPILER_APPICON_NAME = AppIcon;
				ASSETCATALOG_COMPILER_LAUNCHIMAGE_NAME = LaunchImage;
				CODE_SIGN_IDENTITY = "iPhone Developer: sun peng (NLFJ75XF92)";
				GCC_PRECOMPILE_PREFIX_HEADER = YES;
				GCC_PREFIX_HEADER = "RichPhoto/RichPhoto-Prefix.pch";
				INFOPLIST_FILE = "RichPhoto/RichPhoto-Info.plist";
				PRODUCT_NAME = "$(TARGET_NAME)";
				PROVISIONING_PROFILE = "3502e99d-b74c-4c65-a962-08fad543e609";
				WRAPPER_EXTENSION = app;
			};
			name = Release;
		};
		E0EE20C71983A57500D930E5 /* Debug */ = {
			isa = XCBuildConfiguration;
			buildSettings = {
				BUNDLE_LOADER = "$(BUILT_PRODUCTS_DIR)/RichPhoto.app/RichPhoto";
				FRAMEWORK_SEARCH_PATHS = (
					"$(SDKROOT)/Developer/Library/Frameworks",
					"$(inherited)",
					"$(DEVELOPER_FRAMEWORKS_DIR)",
				);
				GCC_PRECOMPILE_PREFIX_HEADER = YES;
				GCC_PREFIX_HEADER = "RichPhoto/RichPhoto-Prefix.pch";
				GCC_PREPROCESSOR_DEFINITIONS = (
					"DEBUG=1",
					"$(inherited)",
				);
				INFOPLIST_FILE = "RichPhotoTests/RichPhotoTests-Info.plist";
				PRODUCT_NAME = "$(TARGET_NAME)";
				TEST_HOST = "$(BUNDLE_LOADER)";
				WRAPPER_EXTENSION = xctest;
			};
			name = Debug;
		};
		E0EE20C81983A57500D930E5 /* Release */ = {
			isa = XCBuildConfiguration;
			buildSettings = {
				BUNDLE_LOADER = "$(BUILT_PRODUCTS_DIR)/RichPhoto.app/RichPhoto";
				FRAMEWORK_SEARCH_PATHS = (
					"$(SDKROOT)/Developer/Library/Frameworks",
					"$(inherited)",
					"$(DEVELOPER_FRAMEWORKS_DIR)",
				);
				GCC_PRECOMPILE_PREFIX_HEADER = YES;
				GCC_PREFIX_HEADER = "RichPhoto/RichPhoto-Prefix.pch";
				INFOPLIST_FILE = "RichPhotoTests/RichPhotoTests-Info.plist";
				PRODUCT_NAME = "$(TARGET_NAME)";
				TEST_HOST = "$(BUNDLE_LOADER)";
				WRAPPER_EXTENSION = xctest;
			};
			name = Release;
		};
/* End XCBuildConfiguration section */

/* Begin XCConfigurationList section */
		E0EE20921983A57500D930E5 /* Build configuration list for PBXProject "RichPhoto" */ = {
			isa = XCConfigurationList;
			buildConfigurations = (
				E0EE20C11983A57500D930E5 /* Debug */,
				E0EE20C21983A57500D930E5 /* Release */,
			);
			defaultConfigurationIsVisible = 0;
			defaultConfigurationName = Release;
		};
		E0EE20C31983A57500D930E5 /* Build configuration list for PBXNativeTarget "RichPhoto" */ = {
			isa = XCConfigurationList;
			buildConfigurations = (
				E0EE20C41983A57500D930E5 /* Debug */,
				E0EE20C51983A57500D930E5 /* Release */,
			);
			defaultConfigurationIsVisible = 0;
			defaultConfigurationName = Release;
		};
		E0EE20C61983A57500D930E5 /* Build configuration list for PBXNativeTarget "RichPhotoTests" */ = {
			isa = XCConfigurationList;
			buildConfigurations = (
				E0EE20C71983A57500D930E5 /* Debug */,
				E0EE20C81983A57500D930E5 /* Release */,
			);
			defaultConfigurationIsVisible = 0;
			defaultConfigurationName = Release;
		};
/* End XCConfigurationList section */
	};
	rootObject = E0EE208F1983A57500D930E5 /* Project object */;
}
